
Microsoft Visual Studio Solution File, Format Version 12.00
# Visual Studio Version 17
VisualStudioVersion = 17.5.33516.290
MinimumVisualStudioVersion = 10.0.40219.1
Project("{FAE04EC0-301F-11D3-BF4B-00C04F79EFBC}") = "Abstract_Factory_Desing", "Abstract_Factory_Desing\Abstract_Factory_Desing.csproj", "{1B45935A-88F6-40B2-9CAA-55AD1E142A4C}"
EndProject
Global
	GlobalSection(SolutionConfigurationPlatforms) = preSolution
		Debug|Any CPU = Debug|Any CPU
		Release|Any CPU = Release|Any CPU
	EndGlobalSection
	GlobalSection(ProjectConfigurationPlatforms) = postSolution
		{1B45935A-88F6-40B2-9CAA-55AD1E142A4C}.Debug|Any CPU.ActiveCfg = Debug|Any CPU
		{1B45935A-88F6-40B2-9CAA-55AD1E142A4C}.Debug|Any CPU.Build.0 = Debug|Any CPU
		{1B45935A-88F6-40B2-9CAA-55AD1E142A4C}.Release|Any CPU.ActiveCfg = Release|Any CPU
		{1B45935A-88F6-40B2-9CAA-55AD1E142A4C}.Release|Any CPU.Build.0 = Release|Any CPU
	EndGlobalSection
	GlobalSection(SolutionProperties) = preSolution
		HideSolutionNode = FALSE
	EndGlobalSection
	GlobalSection(ExtensibilityGlobals) = postSolution
		SolutionGuid = {4F0F1306-3B71-4A14-8E64-F8C9C8D93CE7}
	EndGlobalSection
EndGlobal
